
Microsoft Visual Studio Solution File, Format Version 12.00
# Visual Studio Version 17
VisualStudioVersion = 17.3.32929.385
MinimumVisualStudioVersion = 10.0.40219.1
Project("{FAE04EC0-301F-11D3-BF4B-00C04F79EFBC}") = "DataLayer", "ClassLibrary1\DataLayer.csproj", "{7D389506-B44A-4207-882A-45DE07F93F87}"
EndProject
Project("{FAE04EC0-301F-11D3-BF4B-00C04F79EFBC}") = "BusinessLogicLayer", "BusinessLogicLayer\BusinessLogicLayer.csproj", "{0E6559D5-9076-4A27-9C17-ADE037C9EFA6}"
EndProject
Project("{FAE04EC0-301F-11D3-BF4B-00C04F79EFBC}") = "TestingLayer", "TestingLayer\TestingLayer.csproj", "{6269F0DC-BB2D-4A58-9CF3-C0DF87EE4380}"
EndProject
Global
	GlobalSection(SolutionConfigurationPlatforms) = preSolution
		Debug|Any CPU = Debug|Any CPU
		Release|Any CPU = Release|Any CPU
	EndGlobalSection
	GlobalSection(ProjectConfigurationPlatforms) = postSolution
		{7D389506-B44A-4207-882A-45DE07F93F87}.Debug|Any CPU.ActiveCfg = Debug|Any CPU
		{7D389506-B44A-4207-882A-45DE07F93F87}.Debug|Any CPU.Build.0 = Debug|Any CPU
		{7D389506-B44A-4207-882A-45DE07F93F87}.Release|Any CPU.ActiveCfg = Release|Any CPU
		{7D389506-B44A-4207-882A-45DE07F93F87}.Release|Any CPU.Build.0 = Release|Any CPU
		{0E6559D5-9076-4A27-9C17-ADE037C9EFA6}.Debug|Any CPU.ActiveCfg = Debug|Any CPU
		{0E6559D5-9076-4A27-9C17-ADE037C9EFA6}.Debug|Any CPU.Build.0 = Debug|Any CPU
		{0E6559D5-9076-4A27-9C17-ADE037C9EFA6}.Release|Any CPU.ActiveCfg = Release|Any CPU
		{0E6559D5-9076-4A27-9C17-ADE037C9EFA6}.Release|Any CPU.Build.0 = Release|Any CPU
		{6269F0DC-BB2D-4A58-9CF3-C0DF87EE4380}.Debug|Any CPU.ActiveCfg = Debug|Any CPU
		{6269F0DC-BB2D-4A58-9CF3-C0DF87EE4380}.Debug|Any CPU.Build.0 = Debug|Any CPU
		{6269F0DC-BB2D-4A58-9CF3-C0DF87EE4380}.Release|Any CPU.ActiveCfg = Release|Any CPU
		{6269F0DC-BB2D-4A58-9CF3-C0DF87EE4380}.Release|Any CPU.Build.0 = Release|Any CPU
	EndGlobalSection
	GlobalSection(SolutionProperties) = preSolution
		HideSolutionNode = FALSE
	EndGlobalSection
	GlobalSection(ExtensibilityGlobals) = postSolution
		SolutionGuid = {5FAABF8F-C00A-4EA3-97C6-2D3AD31521FB}
	EndGlobalSection
EndGlobal
